
Microsoft Visual Studio Solution File, Format Version 12.00
# Visual Studio Version 17
VisualStudioVersion = 17.6.33829.357
MinimumVisualStudioVersion = 10.0.40219.1
Project("{FAE04EC0-301F-11D3-BF4B-00C04F79EFBC}") = "DB", "DB\DB.csproj", "{B6DEE59F-2BB2-47FE-BD63-EB325CA906EF}"
EndProject
Global
	GlobalSection(SolutionConfigurationPlatforms) = preSolution
		Debug|Any CPU = Debug|Any CPU
		Release|Any CPU = Release|Any CPU
	EndGlobalSection
	GlobalSection(ProjectConfigurationPlatforms) = postSolution
		{B6DEE59F-2BB2-47FE-BD63-EB325CA906EF}.Debug|Any CPU.ActiveCfg = Debug|Any CPU
		{B6DEE59F-2BB2-47FE-BD63-EB325CA906EF}.Debug|Any CPU.Build.0 = Debug|Any CPU
		{B6DEE59F-2BB2-47FE-BD63-EB325CA906EF}.Release|Any CPU.ActiveCfg = Release|Any CPU
		{B6DEE59F-2BB2-47FE-BD63-EB325CA906EF}.Release|Any CPU.Build.0 = Release|Any CPU
	EndGlobalSection
	GlobalSection(SolutionProperties) = preSolution
		HideSolutionNode = FALSE
	EndGlobalSection
	GlobalSection(ExtensibilityGlobals) = postSolution
		SolutionGuid = {22B113A3-F57A-4CF2-9437-817E429215DD}
	EndGlobalSection
EndGlobal
